
Microsoft Visual Studio Solution File, Format Version 12.00
# Visual Studio Version 17
VisualStudioVersion = 17.3.32901.215
MinimumVisualStudioVersion = 10.0.40219.1
Project("{9A19103F-16F7-4668-BE54-9A1E7A4F7556}") = "Catalog.API", "src\Services\Catalog\Catalog.API\Catalog.API.csproj", "{B0C2BF4A-5554-4C35-95C5-FEFD11DD4734}"
EndProject
Project("{2150E333-8FDC-42A3-9474-1A3956D46DE8}") = "src", "src", "{268D22C4-0D8A-43C9-A413-40820DEBCC5E}"
EndProject
Project("{2150E333-8FDC-42A3-9474-1A3956D46DE8}") = "Services", "Services", "{BD8EFB13-1CFB-45AA-B6F4-8D45041FA893}"
EndProject
Project("{2150E333-8FDC-42A3-9474-1A3956D46DE8}") = "Catalog", "Catalog", "{E10CCBC0-993E-4EC6-847F-41A8740641C5}"
EndProject
Project("{E53339B2-1760-4266-BCC7-CA923CBCF16C}") = "docker-compose", "docker-compose.dcproj", "{6285A24E-5298-4F96-8C80-898BECA515AA}"
EndProject
Project("{2150E333-8FDC-42A3-9474-1A3956D46DE8}") = "Basket", "Basket", "{C06C69D6-B63D-4ADC-B356-23E105E3AB13}"
EndProject
Project("{9A19103F-16F7-4668-BE54-9A1E7A4F7556}") = "Basket.API", "src\Services\Basket\Basket.API\Basket.API.csproj", "{C05A75DE-541A-4FC8-940B-9BA69EFE4599}"
EndProject
Project("{2150E333-8FDC-42A3-9474-1A3956D46DE8}") = "Discount", "Discount", "{B7AC74D0-FD45-4490-A02A-C0329E49226D}"
EndProject
Project("{9A19103F-16F7-4668-BE54-9A1E7A4F7556}") = "Discount.API", "src\Services\Discount\Discount.API\Discount.API.csproj", "{6A5BC37B-2C96-4043-ACCF-67F848E02D7D}"
EndProject
Project("{2150E333-8FDC-42A3-9474-1A3956D46DE8}") = "BuildingBlocks", "BuildingBlocks", "{FF6AAC00-4863-4033-87ED-04CE46A7859F}"
EndProject
Project("{9A19103F-16F7-4668-BE54-9A1E7A4F7556}") = "EventBus.Messages", "src\BuildingBlocks\EventBus.Messages\EventBus.Messages.csproj", "{46D8F243-FD48-42C1-88DC-EDE6CA8AE3B9}"
EndProject
Project("{9A19103F-16F7-4668-BE54-9A1E7A4F7556}") = "Discount.Grpc", "src\Services\Discount\Discount.Grpc\Discount.Grpc.csproj", "{92B16E1C-8D3E-4FB4-9C07-D95AA7BCF876}"
EndProject
Project("{2150E333-8FDC-42A3-9474-1A3956D46DE8}") = "Ordering", "Ordering", "{6A05F346-6C79-412D-BFB1-924472472AEA}"
EndProject
Project("{9A19103F-16F7-4668-BE54-9A1E7A4F7556}") = "Ordering.API", "src\Services\Ordering\Ordering.API\Ordering.API.csproj", "{C426D62A-2A3E-4CF8-8F9C-2326D132001E}"
EndProject
Project("{9A19103F-16F7-4668-BE54-9A1E7A4F7556}") = "Ordering.Domain", "src\Services\Ordering\Ordering.Domain\Ordering.Domain.csproj", "{E9C4E83C-1186-4D9F-B500-4AF354F089C8}"
EndProject
Project("{9A19103F-16F7-4668-BE54-9A1E7A4F7556}") = "Ordering.Application", "src\Services\Ordering\Ordering.Application\Ordering.Application.csproj", "{45351A43-95D3-48B2-8297-A5057CC8C91D}"
EndProject
Project("{9A19103F-16F7-4668-BE54-9A1E7A4F7556}") = "Ordering.Infrastructure", "src\Services\Ordering\Ordering.Infrastructure\Ordering.Infrastructure.csproj", "{B54F0163-436A-452F-A557-7173A37BB34A}"
EndProject
Project("{2150E333-8FDC-42A3-9474-1A3956D46DE8}") = "ApiGateways", "ApiGateways", "{1209DB97-18B0-4CC6-9C61-E353D920DB94}"
EndProject
Project("{FAE04EC0-301F-11D3-BF4B-00C04F79EFBC}") = "OcelotApiGw", "src\ApiGateways\OcelotApiGw\OcelotApiGw.csproj", "{FFC2B64A-9E25-4421-B34B-CAFE70A6AAB7}"
EndProject
Project("{FAE04EC0-301F-11D3-BF4B-00C04F79EFBC}") = "Shopping.Aggregator", "src\ApiGateways\Shopping.Aggregator\Shopping.Aggregator.csproj", "{0D6A0D98-6411-415E-802D-F00615E8F519}"
EndProject
Global
	GlobalSection(SolutionConfigurationPlatforms) = preSolution
		Debug|Any CPU = Debug|Any CPU
		Release|Any CPU = Release|Any CPU
	EndGlobalSection
	GlobalSection(ProjectConfigurationPlatforms) = postSolution
		{B0C2BF4A-5554-4C35-95C5-FEFD11DD4734}.Debug|Any CPU.ActiveCfg = Debug|Any CPU
		{B0C2BF4A-5554-4C35-95C5-FEFD11DD4734}.Debug|Any CPU.Build.0 = Debug|Any CPU
		{B0C2BF4A-5554-4C35-95C5-FEFD11DD4734}.Release|Any CPU.ActiveCfg = Release|Any CPU
		{B0C2BF4A-5554-4C35-95C5-FEFD11DD4734}.Release|Any CPU.Build.0 = Release|Any CPU
		{6285A24E-5298-4F96-8C80-898BECA515AA}.Debug|Any CPU.ActiveCfg = Debug|Any CPU
		{6285A24E-5298-4F96-8C80-898BECA515AA}.Debug|Any CPU.Build.0 = Debug|Any CPU
		{6285A24E-5298-4F96-8C80-898BECA515AA}.Release|Any CPU.ActiveCfg = Release|Any CPU
		{6285A24E-5298-4F96-8C80-898BECA515AA}.Release|Any CPU.Build.0 = Release|Any CPU
		{C05A75DE-541A-4FC8-940B-9BA69EFE4599}.Debug|Any CPU.ActiveCfg = Debug|Any CPU
		{C05A75DE-541A-4FC8-940B-9BA69EFE4599}.Debug|Any CPU.Build.0 = Debug|Any CPU
		{C05A75DE-541A-4FC8-940B-9BA69EFE4599}.Release|Any CPU.ActiveCfg = Release|Any CPU
		{C05A75DE-541A-4FC8-940B-9BA69EFE4599}.Release|Any CPU.Build.0 = Release|Any CPU
		{6A5BC37B-2C96-4043-ACCF-67F848E02D7D}.Debug|Any CPU.ActiveCfg = Debug|Any CPU
		{6A5BC37B-2C96-4043-ACCF-67F848E02D7D}.Debug|Any CPU.Build.0 = Debug|Any CPU
		{6A5BC37B-2C96-4043-ACCF-67F848E02D7D}.Release|Any CPU.ActiveCfg = Release|Any CPU
		{6A5BC37B-2C96-4043-ACCF-67F848E02D7D}.Release|Any CPU.Build.0 = Release|Any CPU
		{46D8F243-FD48-42C1-88DC-EDE6CA8AE3B9}.Debug|Any CPU.ActiveCfg = Debug|Any CPU
		{46D8F243-FD48-42C1-88DC-EDE6CA8AE3B9}.Debug|Any CPU.Build.0 = Debug|Any CPU
		{46D8F243-FD48-42C1-88DC-EDE6CA8AE3B9}.Release|Any CPU.ActiveCfg = Release|Any CPU
		{46D8F243-FD48-42C1-88DC-EDE6CA8AE3B9}.Release|Any CPU.Build.0 = Release|Any CPU
		{92B16E1C-8D3E-4FB4-9C07-D95AA7BCF876}.Debug|Any CPU.ActiveCfg = Debug|Any CPU
		{92B16E1C-8D3E-4FB4-9C07-D95AA7BCF876}.Debug|Any CPU.Build.0 = Debug|Any CPU
		{92B16E1C-8D3E-4FB4-9C07-D95AA7BCF876}.Release|Any CPU.ActiveCfg = Release|Any CPU
		{92B16E1C-8D3E-4FB4-9C07-D95AA7BCF876}.Release|Any CPU.Build.0 = Release|Any CPU
		{C426D62A-2A3E-4CF8-8F9C-2326D132001E}.Debug|Any CPU.ActiveCfg = Debug|Any CPU
		{C426D62A-2A3E-4CF8-8F9C-2326D132001E}.Debug|Any CPU.Build.0 = Debug|Any CPU
		{C426D62A-2A3E-4CF8-8F9C-2326D132001E}.Release|Any CPU.ActiveCfg = Release|Any CPU
		{C426D62A-2A3E-4CF8-8F9C-2326D132001E}.Release|Any CPU.Build.0 = Release|Any CPU
		{E9C4E83C-1186-4D9F-B500-4AF354F089C8}.Debug|Any CPU.ActiveCfg = Debug|Any CPU
		{E9C4E83C-1186-4D9F-B500-4AF354F089C8}.Debug|Any CPU.Build.0 = Debug|Any CPU
		{E9C4E83C-1186-4D9F-B500-4AF354F089C8}.Release|Any CPU.ActiveCfg = Release|Any CPU
		{E9C4E83C-1186-4D9F-B500-4AF354F089C8}.Release|Any CPU.Build.0 = Release|Any CPU
		{45351A43-95D3-48B2-8297-A5057CC8C91D}.Debug|Any CPU.ActiveCfg = Debug|Any CPU
		{45351A43-95D3-48B2-8297-A5057CC8C91D}.Debug|Any CPU.Build.0 = Debug|Any CPU
		{45351A43-95D3-48B2-8297-A5057CC8C91D}.Release|Any CPU.ActiveCfg = Release|Any CPU
		{45351A43-95D3-48B2-8297-A5057CC8C91D}.Release|Any CPU.Build.0 = Release|Any CPU
		{B54F0163-436A-452F-A557-7173A37BB34A}.Debug|Any CPU.ActiveCfg = Debug|Any CPU
		{B54F0163-436A-452F-A557-7173A37BB34A}.Debug|Any CPU.Build.0 = Debug|Any CPU
		{B54F0163-436A-452F-A557-7173A37BB34A}.Release|Any CPU.ActiveCfg = Release|Any CPU
		{B54F0163-436A-452F-A557-7173A37BB34A}.Release|Any CPU.Build.0 = Release|Any CPU
		{FFC2B64A-9E25-4421-B34B-CAFE70A6AAB7}.Debug|Any CPU.ActiveCfg = Debug|Any CPU
		{FFC2B64A-9E25-4421-B34B-CAFE70A6AAB7}.Debug|Any CPU.Build.0 = Debug|Any CPU
		{FFC2B64A-9E25-4421-B34B-CAFE70A6AAB7}.Release|Any CPU.ActiveCfg = Release|Any CPU
		{FFC2B64A-9E25-4421-B34B-CAFE70A6AAB7}.Release|Any CPU.Build.0 = Release|Any CPU
		{0D6A0D98-6411-415E-802D-F00615E8F519}.Debug|Any CPU.ActiveCfg = Debug|Any CPU
		{0D6A0D98-6411-415E-802D-F00615E8F519}.Debug|Any CPU.Build.0 = Debug|Any CPU
		{0D6A0D98-6411-415E-802D-F00615E8F519}.Release|Any CPU.ActiveCfg = Release|Any CPU
		{0D6A0D98-6411-415E-802D-F00615E8F519}.Release|Any CPU.Build.0 = Release|Any CPU
	EndGlobalSection
	GlobalSection(SolutionProperties) = preSolution
		HideSolutionNode = FALSE
	EndGlobalSection
	GlobalSection(NestedProjects) = preSolution
		{B0C2BF4A-5554-4C35-95C5-FEFD11DD4734} = {E10CCBC0-993E-4EC6-847F-41A8740641C5}
		{BD8EFB13-1CFB-45AA-B6F4-8D45041FA893} = {268D22C4-0D8A-43C9-A413-40820DEBCC5E}
		{E10CCBC0-993E-4EC6-847F-41A8740641C5} = {BD8EFB13-1CFB-45AA-B6F4-8D45041FA893}
		{C06C69D6-B63D-4ADC-B356-23E105E3AB13} = {BD8EFB13-1CFB-45AA-B6F4-8D45041FA893}
		{C05A75DE-541A-4FC8-940B-9BA69EFE4599} = {C06C69D6-B63D-4ADC-B356-23E105E3AB13}
		{B7AC74D0-FD45-4490-A02A-C0329E49226D} = {BD8EFB13-1CFB-45AA-B6F4-8D45041FA893}
		{6A5BC37B-2C96-4043-ACCF-67F848E02D7D} = {B7AC74D0-FD45-4490-A02A-C0329E49226D}
		{FF6AAC00-4863-4033-87ED-04CE46A7859F} = {268D22C4-0D8A-43C9-A413-40820DEBCC5E}
		{46D8F243-FD48-42C1-88DC-EDE6CA8AE3B9} = {FF6AAC00-4863-4033-87ED-04CE46A7859F}
		{92B16E1C-8D3E-4FB4-9C07-D95AA7BCF876} = {B7AC74D0-FD45-4490-A02A-C0329E49226D}
		{6A05F346-6C79-412D-BFB1-924472472AEA} = {BD8EFB13-1CFB-45AA-B6F4-8D45041FA893}
		{C426D62A-2A3E-4CF8-8F9C-2326D132001E} = {6A05F346-6C79-412D-BFB1-924472472AEA}
		{E9C4E83C-1186-4D9F-B500-4AF354F089C8} = {6A05F346-6C79-412D-BFB1-924472472AEA}
		{45351A43-95D3-48B2-8297-A5057CC8C91D} = {6A05F346-6C79-412D-BFB1-924472472AEA}
		{B54F0163-436A-452F-A557-7173A37BB34A} = {6A05F346-6C79-412D-BFB1-924472472AEA}
		{1209DB97-18B0-4CC6-9C61-E353D920DB94} = {268D22C4-0D8A-43C9-A413-40820DEBCC5E}
		{FFC2B64A-9E25-4421-B34B-CAFE70A6AAB7} = {1209DB97-18B0-4CC6-9C61-E353D920DB94}
		{0D6A0D98-6411-415E-802D-F00615E8F519} = {1209DB97-18B0-4CC6-9C61-E353D920DB94}
	EndGlobalSection
	GlobalSection(ExtensibilityGlobals) = postSolution
		SolutionGuid = {5626D34F-0589-4778-92A9-B22306D39ECE}
	EndGlobalSection
EndGlobal
